
Microsoft Visual Studio Solution File, Format Version 12.00
# Visual Studio Version 17
VisualStudioVersion = 17.14.36518.9 d17.14
MinimumVisualStudioVersion = 10.0.40219.1
Project("{FAE04EC0-301F-11D3-BF4B-00C04F79EFBC}") = "KakeiboApp", "KakeiboApp.csproj", "{EA3AF7C8-EC07-4FC9-BC45-F49236297552}"
EndProject
Global
	GlobalSection(SolutionConfigurationPlatforms) = preSolution
		Debug|Any CPU = Debug|Any CPU
		Release|Any CPU = Release|Any CPU
	EndGlobalSection
	GlobalSection(ProjectConfigurationPlatforms) = postSolution
		{EA3AF7C8-EC07-4FC9-BC45-F49236297552}.Debug|Any CPU.ActiveCfg = Debug|Any CPU
		{EA3AF7C8-EC07-4FC9-BC45-F49236297552}.Debug|Any CPU.Build.0 = Debug|Any CPU
		{EA3AF7C8-EC07-4FC9-BC45-F49236297552}.Release|Any CPU.ActiveCfg = Release|Any CPU
		{EA3AF7C8-EC07-4FC9-BC45-F49236297552}.Release|Any CPU.Build.0 = Release|Any CPU
	EndGlobalSection
	GlobalSection(SolutionProperties) = preSolution
		HideSolutionNode = FALSE
	EndGlobalSection
	GlobalSection(ExtensibilityGlobals) = postSolution
		SolutionGuid = {B8C68692-A697-4AD2-9153-910BC5982508}
	EndGlobalSection
EndGlobal
